
Microsoft Visual Studio Solution File, Format Version 11.00
# Visual Studio 2010
Project("{FAE04EC0-301F-11D3-BF4B-00C04F79EFBC}") = "Assembly-CSharp", "Assembly-CSharp.csproj", "{DA73C0D6-34F3-F359-E10B-D072ECF1DCCE}"
EndProject
Project("{FAE04EC0-301F-11D3-BF4B-00C04F79EFBC}") = "Assembly-CSharp-firstpass", "Assembly-CSharp-firstpass.csproj", "{D3F62ED2-E172-EB75-DE2E-A3D031E3EA13}"
EndProject
Project("{FAE04EC0-301F-11D3-BF4B-00C04F79EFBC}") = "Assembly-CSharp-Editor", "Assembly-CSharp-Editor.csproj", "{F50FE0E0-FF62-299F-3C2F-5D346D1EEF3B}"
EndProject
Project("{FAE04EC0-301F-11D3-BF4B-00C04F79EFBC}") = "Assembly-CSharp-Editor-firstpass", "Assembly-CSharp-Editor-firstpass.csproj", "{811C9FD9-2F3E-87B3-173E-BF5E5296F9DE}"
EndProject
Global
	GlobalSection(SolutionConfigurationPlatforms) = preSolution
		Debug|Any CPU = Debug|Any CPU
		Release|Any CPU = Release|Any CPU
	EndGlobalSection
	GlobalSection(ProjectConfigurationPlatforms) = postSolution
		{DA73C0D6-34F3-F359-E10B-D072ECF1DCCE}.Debug|Any CPU.ActiveCfg = Debug|Any CPU
		{DA73C0D6-34F3-F359-E10B-D072ECF1DCCE}.Debug|Any CPU.Build.0 = Debug|Any CPU
		{DA73C0D6-34F3-F359-E10B-D072ECF1DCCE}.Release|Any CPU.ActiveCfg = Release|Any CPU
		{DA73C0D6-34F3-F359-E10B-D072ECF1DCCE}.Release|Any CPU.Build.0 = Release|Any CPU
		{D3F62ED2-E172-EB75-DE2E-A3D031E3EA13}.Debug|Any CPU.ActiveCfg = Debug|Any CPU
		{D3F62ED2-E172-EB75-DE2E-A3D031E3EA13}.Debug|Any CPU.Build.0 = Debug|Any CPU
		{D3F62ED2-E172-EB75-DE2E-A3D031E3EA13}.Release|Any CPU.ActiveCfg = Release|Any CPU
		{D3F62ED2-E172-EB75-DE2E-A3D031E3EA13}.Release|Any CPU.Build.0 = Release|Any CPU
		{F50FE0E0-FF62-299F-3C2F-5D346D1EEF3B}.Debug|Any CPU.ActiveCfg = Debug|Any CPU
		{F50FE0E0-FF62-299F-3C2F-5D346D1EEF3B}.Debug|Any CPU.Build.0 = Debug|Any CPU
		{F50FE0E0-FF62-299F-3C2F-5D346D1EEF3B}.Release|Any CPU.ActiveCfg = Release|Any CPU
		{F50FE0E0-FF62-299F-3C2F-5D346D1EEF3B}.Release|Any CPU.Build.0 = Release|Any CPU
		{811C9FD9-2F3E-87B3-173E-BF5E5296F9DE}.Debug|Any CPU.ActiveCfg = Debug|Any CPU
		{811C9FD9-2F3E-87B3-173E-BF5E5296F9DE}.Debug|Any CPU.Build.0 = Debug|Any CPU
		{811C9FD9-2F3E-87B3-173E-BF5E5296F9DE}.Release|Any CPU.ActiveCfg = Release|Any CPU
		{811C9FD9-2F3E-87B3-173E-BF5E5296F9DE}.Release|Any CPU.Build.0 = Release|Any CPU
	EndGlobalSection
	GlobalSection(SolutionProperties) = preSolution
		HideSolutionNode = FALSE
	EndGlobalSection
	GlobalSection(MonoDevelopProperties) = preSolution
		StartupItem = Assembly-CSharp.csproj
	EndGlobalSection
EndGlobal
